
Microsoft Visual Studio Solution File, Format Version 12.00
# Visual Studio Version 17
VisualStudioVersion = 17.1.32407.343
MinimumVisualStudioVersion = 10.0.40219.1
Project("{9A19103F-16F7-4668-BE54-9A1E7A4F7556}") = "HerenciaFiguras", "HerenciaFiguras\HerenciaFiguras.csproj", "{744E4DD5-BD37-4894-9D3B-56255598A483}"
EndProject
Global
	GlobalSection(SolutionConfigurationPlatforms) = preSolution
		Debug|Any CPU = Debug|Any CPU
		Release|Any CPU = Release|Any CPU
	EndGlobalSection
	GlobalSection(ProjectConfigurationPlatforms) = postSolution
		{744E4DD5-BD37-4894-9D3B-56255598A483}.Debug|Any CPU.ActiveCfg = Debug|Any CPU
		{744E4DD5-BD37-4894-9D3B-56255598A483}.Debug|Any CPU.Build.0 = Debug|Any CPU
		{744E4DD5-BD37-4894-9D3B-56255598A483}.Release|Any CPU.ActiveCfg = Release|Any CPU
		{744E4DD5-BD37-4894-9D3B-56255598A483}.Release|Any CPU.Build.0 = Release|Any CPU
	EndGlobalSection
	GlobalSection(SolutionProperties) = preSolution
		HideSolutionNode = FALSE
	EndGlobalSection
	GlobalSection(ExtensibilityGlobals) = postSolution
		SolutionGuid = {B9D7897A-9FEE-4B0D-AF15-ABF2B4F10AB1}
	EndGlobalSection
EndGlobal
