
Microsoft Visual Studio Solution File, Format Version 12.00
# Visual Studio Version 17
VisualStudioVersion = 17.1.32407.343
MinimumVisualStudioVersion = 10.0.40219.1
Project("{FAE04EC0-301F-11D3-BF4B-00C04F79EFBC}") = "Operaciones Aritmeticas", "Operaciones Aritmeticas\Operaciones Aritmeticas.csproj", "{1AA97242-5368-4267-8BA4-0D204E92142C}"
EndProject
Global
	GlobalSection(SolutionConfigurationPlatforms) = preSolution
		Debug|Any CPU = Debug|Any CPU
		Release|Any CPU = Release|Any CPU
	EndGlobalSection
	GlobalSection(ProjectConfigurationPlatforms) = postSolution
		{1AA97242-5368-4267-8BA4-0D204E92142C}.Debug|Any CPU.ActiveCfg = Debug|Any CPU
		{1AA97242-5368-4267-8BA4-0D204E92142C}.Debug|Any CPU.Build.0 = Debug|Any CPU
		{1AA97242-5368-4267-8BA4-0D204E92142C}.Release|Any CPU.ActiveCfg = Release|Any CPU
		{1AA97242-5368-4267-8BA4-0D204E92142C}.Release|Any CPU.Build.0 = Release|Any CPU
	EndGlobalSection
	GlobalSection(SolutionProperties) = preSolution
		HideSolutionNode = FALSE
	EndGlobalSection
	GlobalSection(ExtensibilityGlobals) = postSolution
		SolutionGuid = {069382A1-6CF1-4D7A-B2D2-00071FE9A52C}
	EndGlobalSection
EndGlobal
